// !$*UTF8*$!
{
	archiveVersion = 1;
	classes = {
	};
	objectVersion = 56;
	objects = {

/* Begin PBXBuildFile section */
		1F464817285850DCFE7BE2A5 /* SmoothieApp.swift in Sources */ = {isa = PBXBuildFile; fileRef = 1E3D38A27DBE0044F3E13856 /* SmoothieApp.swift */; };
		30E6B5F4B42383D40E99264D /* AppDelegate.swift in Sources */ = {isa = PBXBuildFile; fileRef = 3C3F5A108005FCACFCDC7257 /* AppDelegate.swift */; };
		5B877A0C92DE8412AFED4131 /* ContentView.swift in Sources */ = {isa = PBXBuildFile; fileRef = F1A7E5EABF8271586AE7CF62 /* ContentView.swift */; };
		7F02C6674B05F96F9FE3FA9B /* DynamicNotchKit in Frameworks */ = {isa = PBXBuildFile; productRef = E77660C9D697E862A4A76214 /* DynamicNotchKit */; };
		9CFD28250B6070EA4BBBE754 /* Assets.xcassets in Resources */ = {isa = PBXBuildFile; fileRef = E1C574501FA3AC21F06D75F4 /* Assets.xcassets */; };
		A81845782BC9DBBF00253838 /* BatteryState.swift in Sources */ = {isa = PBXBuildFile; fileRef = A81845712BC9DBBF00253838 /* BatteryState.swift */; };
		A81845792BC9DBBF00253838 /* Percentage.swift in Sources */ = {isa = PBXBuildFile; fileRef = A81845722BC9DBBF00253838 /* Percentage.swift */; };
		A818457A2BC9DBBF00253838 /* BatteryService.swift in Sources */ = {isa = PBXBuildFile; fileRef = A81845732BC9DBBF00253838 /* BatteryService.swift */; };
		A818457B2BC9DBBF00253838 /* BatteryRegistryPropertyKey.swift in Sources */ = {isa = PBXBuildFile; fileRef = A81845742BC9DBBF00253838 /* BatteryRegistryPropertyKey.swift */; };
		A818457C2BC9DBBF00253838 /* BatteryError.swift in Sources */ = {isa = PBXBuildFile; fileRef = A81845752BC9DBBF00253838 /* BatteryError.swift */; };
		A818457D2BC9DBBF00253838 /* PowerSource.swift in Sources */ = {isa = PBXBuildFile; fileRef = A81845762BC9DBBF00253838 /* PowerSource.swift */; };
		A818457E2BC9DBBF00253838 /* TimeRemaining.swift in Sources */ = {isa = PBXBuildFile; fileRef = A81845772BC9DBBF00253838 /* TimeRemaining.swift */; };
		B792FBFA7918555B13103B95 /* SimplyCoreAudio in Frameworks */ = {isa = PBXBuildFile; productRef = C3ACFDA86F17CEDC39059A42 /* SimplyCoreAudio */; };
		DD492072894EB6A1DDA033C3 /* Preview Assets.xcassets in Resources */ = {isa = PBXBuildFile; fileRef = 8488EF545D03830FA043E344 /* Preview Assets.xcassets */; };
		F2DB4BE0EF06DD608A73C1EA /* TuistBundle+Smoothie.swift in Sources */ = {isa = PBXBuildFile; fileRef = C9B8ABDB1A517D2DF4B75A11 /* TuistBundle+Smoothie.swift */; };
		FD09ACFF7519D3A3C1151DA1 /* TuistAssets+Smoothie.swift in Sources */ = {isa = PBXBuildFile; fileRef = D847A1AD4B2EF8510F93AC57 /* TuistAssets+Smoothie.swift */; };
/* End PBXBuildFile section */

/* Begin PBXCopyFilesBuildPhase section */
		949067FB260023DF82D409F4 /* Embed Frameworks */ = {
			isa = PBXCopyFilesBuildPhase;
			buildActionMask = 2147483647;
			dstPath = "";
			dstSubfolderSpec = 10;
			files = (
			);
			name = "Embed Frameworks";
			runOnlyForDeploymentPostprocessing = 0;
		};
/* End PBXCopyFilesBuildPhase section */

/* Begin PBXFileReference section */
		1E3D38A27DBE0044F3E13856 /* SmoothieApp.swift */ = {isa = PBXFileReference; lastKnownFileType = sourcecode.swift; path = SmoothieApp.swift; sourceTree = "<group>"; };
		3C3F5A108005FCACFCDC7257 /* AppDelegate.swift */ = {isa = PBXFileReference; lastKnownFileType = sourcecode.swift; path = AppDelegate.swift; sourceTree = "<group>"; };
		63B5E324D25E398CDFF72B09 /* Smoothie-Info.plist */ = {isa = PBXFileReference; lastKnownFileType = text.plist; path = "Smoothie-Info.plist"; sourceTree = "<group>"; };
		8488EF545D03830FA043E344 /* Preview Assets.xcassets */ = {isa = PBXFileReference; lastKnownFileType = folder.assetcatalog; path = "Preview Assets.xcassets"; sourceTree = "<group>"; };
		A81845712BC9DBBF00253838 /* BatteryState.swift */ = {isa = PBXFileReference; fileEncoding = 4; lastKnownFileType = sourcecode.swift; path = BatteryState.swift; sourceTree = "<group>"; };
		A81845722BC9DBBF00253838 /* Percentage.swift */ = {isa = PBXFileReference; fileEncoding = 4; lastKnownFileType = sourcecode.swift; path = Percentage.swift; sourceTree = "<group>"; };
		A81845732BC9DBBF00253838 /* BatteryService.swift */ = {isa = PBXFileReference; fileEncoding = 4; lastKnownFileType = sourcecode.swift; path = BatteryService.swift; sourceTree = "<group>"; };
		A81845742BC9DBBF00253838 /* BatteryRegistryPropertyKey.swift */ = {isa = PBXFileReference; fileEncoding = 4; lastKnownFileType = sourcecode.swift; path = BatteryRegistryPropertyKey.swift; sourceTree = "<group>"; };
		A81845752BC9DBBF00253838 /* BatteryError.swift */ = {isa = PBXFileReference; fileEncoding = 4; lastKnownFileType = sourcecode.swift; path = BatteryError.swift; sourceTree = "<group>"; };
		A81845762BC9DBBF00253838 /* PowerSource.swift */ = {isa = PBXFileReference; fileEncoding = 4; lastKnownFileType = sourcecode.swift; path = PowerSource.swift; sourceTree = "<group>"; };
		A81845772BC9DBBF00253838 /* TimeRemaining.swift */ = {isa = PBXFileReference; fileEncoding = 4; lastKnownFileType = sourcecode.swift; path = TimeRemaining.swift; sourceTree = "<group>"; };
		C9B8ABDB1A517D2DF4B75A11 /* TuistBundle+Smoothie.swift */ = {isa = PBXFileReference; lastKnownFileType = sourcecode.swift; path = "TuistBundle+Smoothie.swift"; sourceTree = "<group>"; };
		D847A1AD4B2EF8510F93AC57 /* TuistAssets+Smoothie.swift */ = {isa = PBXFileReference; lastKnownFileType = sourcecode.swift; path = "TuistAssets+Smoothie.swift"; sourceTree = "<group>"; };
		E1C574501FA3AC21F06D75F4 /* Assets.xcassets */ = {isa = PBXFileReference; lastKnownFileType = folder.assetcatalog; path = Assets.xcassets; sourceTree = "<group>"; };
		E45447F14BE3AA5D3C20D5D0 /* Smoothie.app */ = {isa = PBXFileReference; explicitFileType = wrapper.application; includeInIndex = 0; path = Smoothie.app; sourceTree = BUILT_PRODUCTS_DIR; };
		F1A7E5EABF8271586AE7CF62 /* ContentView.swift */ = {isa = PBXFileReference; lastKnownFileType = sourcecode.swift; path = ContentView.swift; sourceTree = "<group>"; };
/* End PBXFileReference section */

/* Begin PBXFrameworksBuildPhase section */
		003D1744E470CDE607A179CE /* Frameworks */ = {
			isa = PBXFrameworksBuildPhase;
			buildActionMask = 2147483647;
			files = (
				7F02C6674B05F96F9FE3FA9B /* DynamicNotchKit in Frameworks */,
				B792FBFA7918555B13103B95 /* SimplyCoreAudio in Frameworks */,
			);
			runOnlyForDeploymentPostprocessing = 0;
		};
/* End PBXFrameworksBuildPhase section */

/* Begin PBXGroup section */
		01A5CE562990523B46EA97BD /* Derived */ = {
			isa = PBXGroup;
			children = (
				7BFA25A9E73063295111BC43 /* InfoPlists */,
				A9B82538D0ECCA55CD632448 /* Sources */,
			);
			path = Derived;
			sourceTree = "<group>";
		};
		3E021C086B37389C123688B1 /* Products */ = {
			isa = PBXGroup;
			children = (
				E45447F14BE3AA5D3C20D5D0 /* Smoothie.app */,
			);
			name = Products;
			sourceTree = "<group>";
		};
		45FD464B093D0B7E97941533 /* Sources */ = {
			isa = PBXGroup;
			children = (
				A818456F2BC9DB9700253838 /* Modules */,
				3C3F5A108005FCACFCDC7257 /* AppDelegate.swift */,
				F1A7E5EABF8271586AE7CF62 /* ContentView.swift */,
				1E3D38A27DBE0044F3E13856 /* SmoothieApp.swift */,
			);
			path = Sources;
			sourceTree = "<group>";
		};
		55512F0D0D526D3E8A17FFDC /* Project */ = {
			isa = PBXGroup;
			children = (
				01A5CE562990523B46EA97BD /* Derived */,
				660AC681CFC66B8D082E773F /* Resources */,
				45FD464B093D0B7E97941533 /* Sources */,
			);
			name = Project;
			sourceTree = "<group>";
		};
		660AC681CFC66B8D082E773F /* Resources */ = {
			isa = PBXGroup;
			children = (
				6ED59CBDB9977F217176B611 /* Preview Content */,
				E1C574501FA3AC21F06D75F4 /* Assets.xcassets */,
			);
			path = Resources;
			sourceTree = "<group>";
		};
		6D58240EDAFEC8436971BEC1 = {
			isa = PBXGroup;
			children = (
				55512F0D0D526D3E8A17FFDC /* Project */,
				3E021C086B37389C123688B1 /* Products */,
			);
			sourceTree = "<group>";
		};
		6ED59CBDB9977F217176B611 /* Preview Content */ = {
			isa = PBXGroup;
			children = (
				8488EF545D03830FA043E344 /* Preview Assets.xcassets */,
			);
			path = "Preview Content";
			sourceTree = "<group>";
		};
		7BFA25A9E73063295111BC43 /* InfoPlists */ = {
			isa = PBXGroup;
			children = (
				63B5E324D25E398CDFF72B09 /* Smoothie-Info.plist */,
			);
			path = InfoPlists;
			sourceTree = "<group>";
		};
		A818456F2BC9DB9700253838 /* Modules */ = {
			isa = PBXGroup;
			children = (
				A81845702BC9DBA200253838 /* Battery Monitor */,
			);
			path = Modules;
			sourceTree = "<group>";
		};
		A81845702BC9DBA200253838 /* Battery Monitor */ = {
			isa = PBXGroup;
			children = (
				A81845752BC9DBBF00253838 /* BatteryError.swift */,
				A81845742BC9DBBF00253838 /* BatteryRegistryPropertyKey.swift */,
				A81845732BC9DBBF00253838 /* BatteryService.swift */,
				A81845712BC9DBBF00253838 /* BatteryState.swift */,
				A81845722BC9DBBF00253838 /* Percentage.swift */,
				A81845762BC9DBBF00253838 /* PowerSource.swift */,
				A81845772BC9DBBF00253838 /* TimeRemaining.swift */,
			);
			path = "Battery Monitor";
			sourceTree = "<group>";
		};
		A9B82538D0ECCA55CD632448 /* Sources */ = {
			isa = PBXGroup;
			children = (
				D847A1AD4B2EF8510F93AC57 /* TuistAssets+Smoothie.swift */,
				C9B8ABDB1A517D2DF4B75A11 /* TuistBundle+Smoothie.swift */,
			);
			path = Sources;
			sourceTree = "<group>";
		};
/* End PBXGroup section */

/* Begin PBXNativeTarget section */
		6FD82D3AF5DE6DBFD2150F72 /* Smoothie */ = {
			isa = PBXNativeTarget;
			buildConfigurationList = 2B1479F4F2328E93A877222B /* Build configuration list for PBXNativeTarget "Smoothie" */;
			buildPhases = (
				3F196689A5F5E9FDC96CB748 /* Sources */,
				B81F9DA20BFC73C1B1C209E0 /* Resources */,
				949067FB260023DF82D409F4 /* Embed Frameworks */,
				003D1744E470CDE607A179CE /* Frameworks */,
			);
			buildRules = (
			);
			dependencies = (
			);
			name = Smoothie;
			packageProductDependencies = (
				E77660C9D697E862A4A76214 /* DynamicNotchKit */,
				C3ACFDA86F17CEDC39059A42 /* SimplyCoreAudio */,
			);
			productName = Smoothie;
			productReference = E45447F14BE3AA5D3C20D5D0 /* Smoothie.app */;
			productType = "com.apple.product-type.application";
		};
/* End PBXNativeTarget section */

/* Begin PBXProject section */
		4AD275D851CC9A1397B3BDCB /* Project object */ = {
			isa = PBXProject;
			attributes = {
				BuildIndependentTargetsInParallel = YES;
			};
			buildConfigurationList = 39F27454557EE3D715A630E6 /* Build configuration list for PBXProject "Smoothie" */;
			compatibilityVersion = "Xcode 14.0";
			developmentRegion = en;
			hasScannedForEncodings = 0;
			knownRegions = (
				Base,
				en,
			);
			mainGroup = 6D58240EDAFEC8436971BEC1;
			packageReferences = (
				AF8F53A056AAFFD4D17386D3 /* XCRemoteSwiftPackageReference "DynamicNotchKit" */,
				7E1EE03C012D2A9D4A07DF11 /* XCRemoteSwiftPackageReference "SimplyCoreAudio" */,
			);
			productRefGroup = 3E021C086B37389C123688B1 /* Products */;
			projectDirPath = "";
			projectRoot = "";
			targets = (
				6FD82D3AF5DE6DBFD2150F72 /* Smoothie */,
			);
		};
/* End PBXProject section */

/* Begin PBXResourcesBuildPhase section */
		B81F9DA20BFC73C1B1C209E0 /* Resources */ = {
			isa = PBXResourcesBuildPhase;
			buildActionMask = 2147483647;
			files = (
				9CFD28250B6070EA4BBBE754 /* Assets.xcassets in Resources */,
				DD492072894EB6A1DDA033C3 /* Preview Assets.xcassets in Resources */,
			);
			runOnlyForDeploymentPostprocessing = 0;
		};
/* End PBXResourcesBuildPhase section */

/* Begin PBXSourcesBuildPhase section */
		3F196689A5F5E9FDC96CB748 /* Sources */ = {
			isa = PBXSourcesBuildPhase;
			buildActionMask = 2147483647;
			files = (
				A818457B2BC9DBBF00253838 /* BatteryRegistryPropertyKey.swift in Sources */,
				FD09ACFF7519D3A3C1151DA1 /* TuistAssets+Smoothie.swift in Sources */,
				F2DB4BE0EF06DD608A73C1EA /* TuistBundle+Smoothie.swift in Sources */,
				30E6B5F4B42383D40E99264D /* AppDelegate.swift in Sources */,
				A818457D2BC9DBBF00253838 /* PowerSource.swift in Sources */,
				A818457C2BC9DBBF00253838 /* BatteryError.swift in Sources */,
				A818457A2BC9DBBF00253838 /* BatteryService.swift in Sources */,
				A81845792BC9DBBF00253838 /* Percentage.swift in Sources */,
				A81845782BC9DBBF00253838 /* BatteryState.swift in Sources */,
				5B877A0C92DE8412AFED4131 /* ContentView.swift in Sources */,
				1F464817285850DCFE7BE2A5 /* SmoothieApp.swift in Sources */,
				A818457E2BC9DBBF00253838 /* TimeRemaining.swift in Sources */,
			);
			runOnlyForDeploymentPostprocessing = 0;
		};
/* End PBXSourcesBuildPhase section */

/* Begin XCBuildConfiguration section */
		1254F9830C44B33D7083DFA6 /* Release */ = {
			isa = XCBuildConfiguration;
			buildSettings = {
				ALWAYS_SEARCH_USER_PATHS = NO;
				CLANG_ANALYZER_LOCALIZABILITY_NONLOCALIZED = YES;
				CLANG_ANALYZER_NONNULL = YES;
				CLANG_ANALYZER_NUMBER_OBJECT_CONVERSION = YES_AGGRESSIVE;
				CLANG_CXX_LANGUAGE_STANDARD = "gnu++14";
				CLANG_CXX_LIBRARY = "libc++";
				CLANG_ENABLE_MODULES = YES;
				CLANG_ENABLE_OBJC_ARC = YES;
				CLANG_ENABLE_OBJC_WEAK = YES;
				CLANG_WARN_BLOCK_CAPTURE_AUTORELEASING = YES;
				CLANG_WARN_BOOL_CONVERSION = YES;
				CLANG_WARN_COMMA = YES;
				CLANG_WARN_CONSTANT_CONVERSION = YES;
				CLANG_WARN_DEPRECATED_OBJC_IMPLEMENTATIONS = YES;
				CLANG_WARN_DIRECT_OBJC_ISA_USAGE = YES_ERROR;
				CLANG_WARN_DOCUMENTATION_COMMENTS = YES;
				CLANG_WARN_EMPTY_BODY = YES;
				CLANG_WARN_ENUM_CONVERSION = YES;
				CLANG_WARN_INFINITE_RECURSION = YES;
				CLANG_WARN_INT_CONVERSION = YES;
				CLANG_WARN_NON_LITERAL_NULL_CONVERSION = YES;
				CLANG_WARN_OBJC_IMPLICIT_RETAIN_SELF = YES;
				CLANG_WARN_OBJC_LITERAL_CONVERSION = YES;
				CLANG_WARN_OBJC_ROOT_CLASS = YES_ERROR;
				CLANG_WARN_QUOTED_INCLUDE_IN_FRAMEWORK_HEADER = YES;
				CLANG_WARN_RANGE_LOOP_ANALYSIS = YES;
				CLANG_WARN_STRICT_PROTOTYPES = YES;
				CLANG_WARN_SUSPICIOUS_MOVE = YES;
				CLANG_WARN_UNGUARDED_AVAILABILITY = YES_AGGRESSIVE;
				CLANG_WARN_UNREACHABLE_CODE = YES;
				CLANG_WARN__DUPLICATE_METHOD_MATCH = YES;
				COPY_PHASE_STRIP = NO;
				DEAD_CODE_STRIPPING = YES;
				DEBUG_INFORMATION_FORMAT = "dwarf-with-dsym";
				ENABLE_NS_ASSERTIONS = NO;
				ENABLE_STRICT_OBJC_MSGSEND = YES;
				GCC_C_LANGUAGE_STANDARD = gnu11;
				GCC_NO_COMMON_BLOCKS = YES;
				GCC_WARN_64_TO_32_BIT_CONVERSION = YES;
				GCC_WARN_ABOUT_RETURN_TYPE = YES_ERROR;
				GCC_WARN_UNDECLARED_SELECTOR = YES;
				GCC_WARN_UNINITIALIZED_AUTOS = YES_AGGRESSIVE;
				GCC_WARN_UNUSED_FUNCTION = YES;
				GCC_WARN_UNUSED_VARIABLE = YES;
				MTL_ENABLE_DEBUG_INFO = NO;
				PRODUCT_NAME = "$(TARGET_NAME)";
				VALIDATE_PRODUCT = YES;
			};
			name = Release;
		};
		492C7A040D07947A082F524A /* Debug */ = {
			isa = XCBuildConfiguration;
			buildSettings = {
				ALWAYS_SEARCH_USER_PATHS = NO;
				CLANG_ANALYZER_LOCALIZABILITY_NONLOCALIZED = YES;
				CLANG_ANALYZER_NONNULL = YES;
				CLANG_ANALYZER_NUMBER_OBJECT_CONVERSION = YES_AGGRESSIVE;
				CLANG_CXX_LANGUAGE_STANDARD = "gnu++14";
				CLANG_CXX_LIBRARY = "libc++";
				CLANG_ENABLE_MODULES = YES;
				CLANG_ENABLE_OBJC_ARC = YES;
				CLANG_ENABLE_OBJC_WEAK = YES;
				CLANG_WARN_BLOCK_CAPTURE_AUTORELEASING = YES;
				CLANG_WARN_BOOL_CONVERSION = YES;
				CLANG_WARN_COMMA = YES;
				CLANG_WARN_CONSTANT_CONVERSION = YES;
				CLANG_WARN_DEPRECATED_OBJC_IMPLEMENTATIONS = YES;
				CLANG_WARN_DIRECT_OBJC_ISA_USAGE = YES_ERROR;
				CLANG_WARN_DOCUMENTATION_COMMENTS = YES;
				CLANG_WARN_EMPTY_BODY = YES;
				CLANG_WARN_ENUM_CONVERSION = YES;
				CLANG_WARN_INFINITE_RECURSION = YES;
				CLANG_WARN_INT_CONVERSION = YES;
				CLANG_WARN_NON_LITERAL_NULL_CONVERSION = YES;
				CLANG_WARN_OBJC_IMPLICIT_RETAIN_SELF = YES;
				CLANG_WARN_OBJC_LITERAL_CONVERSION = YES;
				CLANG_WARN_OBJC_ROOT_CLASS = YES_ERROR;
				CLANG_WARN_QUOTED_INCLUDE_IN_FRAMEWORK_HEADER = YES;
				CLANG_WARN_RANGE_LOOP_ANALYSIS = YES;
				CLANG_WARN_STRICT_PROTOTYPES = YES;
				CLANG_WARN_SUSPICIOUS_MOVE = YES;
				CLANG_WARN_UNGUARDED_AVAILABILITY = YES_AGGRESSIVE;
				CLANG_WARN_UNREACHABLE_CODE = YES;
				CLANG_WARN__DUPLICATE_METHOD_MATCH = YES;
				COPY_PHASE_STRIP = NO;
				DEAD_CODE_STRIPPING = YES;
				DEBUG_INFORMATION_FORMAT = dwarf;
				ENABLE_STRICT_OBJC_MSGSEND = YES;
				ENABLE_TESTABILITY = YES;
				GCC_C_LANGUAGE_STANDARD = gnu11;
				GCC_DYNAMIC_NO_PIC = NO;
				GCC_NO_COMMON_BLOCKS = YES;
				GCC_OPTIMIZATION_LEVEL = 0;
				GCC_PREPROCESSOR_DEFINITIONS = (
					"DEBUG=1",
					"$(inherited)",
				);
				GCC_WARN_64_TO_32_BIT_CONVERSION = YES;
				GCC_WARN_ABOUT_RETURN_TYPE = YES_ERROR;
				GCC_WARN_UNDECLARED_SELECTOR = YES;
				GCC_WARN_UNINITIALIZED_AUTOS = YES_AGGRESSIVE;
				GCC_WARN_UNUSED_FUNCTION = YES;
				GCC_WARN_UNUSED_VARIABLE = YES;
				MTL_ENABLE_DEBUG_INFO = YES;
				ONLY_ACTIVE_ARCH = YES;
				PRODUCT_NAME = "$(TARGET_NAME)";
			};
			name = Debug;
		};
		98405BE0DE2EE423376029AF /* Release */ = {
			isa = XCBuildConfiguration;
			buildSettings = {
				ASSETCATALOG_COMPILER_APPICON_NAME = AppIcon;
				CODE_SIGN_IDENTITY = "-";
				COMBINE_HIDPI_IMAGES = YES;
				ENABLE_PREVIEWS = YES;
				INFOPLIST_FILE = "Derived/InfoPlists/Smoothie-Info.plist";
				LD_RUNPATH_SEARCH_PATHS = (
					"$(inherited)",
					"@executable_path/../Frameworks",
				);
				PRODUCT_BUNDLE_IDENTIFIER = com.formalsnake.Smoothie;
				PRODUCT_NAME = Smoothie;
				SDKROOT = macosx;
				SWIFT_COMPILATION_MODE = wholemodule;
				SWIFT_OPTIMIZATION_LEVEL = "-Owholemodule";
				SWIFT_VERSION = 5.0;
			};
			name = Release;
		};
		ACC1CC0CCDB1845C5B67C949 /* Debug */ = {
			isa = XCBuildConfiguration;
			buildSettings = {
				ASSETCATALOG_COMPILER_APPICON_NAME = AppIcon;
				CODE_SIGN_IDENTITY = "-";
				COMBINE_HIDPI_IMAGES = YES;
				ENABLE_PREVIEWS = YES;
				INFOPLIST_FILE = "Derived/InfoPlists/Smoothie-Info.plist";
				LD_RUNPATH_SEARCH_PATHS = (
					"$(inherited)",
					"@executable_path/../Frameworks",
				);
				PRODUCT_BUNDLE_IDENTIFIER = com.formalsnake.Smoothie;
				PRODUCT_NAME = Smoothie;
				SDKROOT = macosx;
				SWIFT_ACTIVE_COMPILATION_CONDITIONS = "$(inherited) DEBUG";
				SWIFT_COMPILATION_MODE = singlefile;
				SWIFT_OPTIMIZATION_LEVEL = "-Onone";
				SWIFT_VERSION = 5.0;
			};
			name = Debug;
		};
/* End XCBuildConfiguration section */

/* Begin XCConfigurationList section */
		2B1479F4F2328E93A877222B /* Build configuration list for PBXNativeTarget "Smoothie" */ = {
			isa = XCConfigurationList;
			buildConfigurations = (
				ACC1CC0CCDB1845C5B67C949 /* Debug */,
				98405BE0DE2EE423376029AF /* Release */,
			);
			defaultConfigurationIsVisible = 0;
			defaultConfigurationName = Release;
		};
		39F27454557EE3D715A630E6 /* Build configuration list for PBXProject "Smoothie" */ = {
			isa = XCConfigurationList;
			buildConfigurations = (
				492C7A040D07947A082F524A /* Debug */,
				1254F9830C44B33D7083DFA6 /* Release */,
			);
			defaultConfigurationIsVisible = 0;
			defaultConfigurationName = Release;
		};
/* End XCConfigurationList section */

/* Begin XCRemoteSwiftPackageReference section */
		7E1EE03C012D2A9D4A07DF11 /* XCRemoteSwiftPackageReference "SimplyCoreAudio" */ = {
			isa = XCRemoteSwiftPackageReference;
			repositoryURL = "https://github.com/rnine/SimplyCoreAudio";
			requirement = {
				branch = develop;
				kind = branch;
			};
		};
		AF8F53A056AAFFD4D17386D3 /* XCRemoteSwiftPackageReference "DynamicNotchKit" */ = {
			isa = XCRemoteSwiftPackageReference;
			repositoryURL = "https://github.com/MrKai77/DynamicNotchKit";
			requirement = {
				branch = main;
				kind = branch;
			};
		};
/* End XCRemoteSwiftPackageReference section */

/* Begin XCSwiftPackageProductDependency section */
		C3ACFDA86F17CEDC39059A42 /* SimplyCoreAudio */ = {
			isa = XCSwiftPackageProductDependency;
			productName = SimplyCoreAudio;
		};
		E77660C9D697E862A4A76214 /* DynamicNotchKit */ = {
			isa = XCSwiftPackageProductDependency;
			productName = DynamicNotchKit;
		};
/* End XCSwiftPackageProductDependency section */
	};
	rootObject = 4AD275D851CC9A1397B3BDCB /* Project object */;
}
