// !$*UTF8*$!
{
	archiveVersion = 1;
	classes = {
	};
	objectVersion = 56;
	objects = {

/* Begin PBXBuildFile section */
		7AB910A42BC8408200745184 /* SmoothieApp.swift in Sources */ = {isa = PBXBuildFile; fileRef = 7AB910A32BC8408200745184 /* SmoothieApp.swift */; };
		7AB910A62BC8408200745184 /* ContentView.swift in Sources */ = {isa = PBXBuildFile; fileRef = 7AB910A52BC8408200745184 /* ContentView.swift */; };
		7AB910A82BC8408400745184 /* Assets.xcassets in Resources */ = {isa = PBXBuildFile; fileRef = 7AB910A72BC8408400745184 /* Assets.xcassets */; };
		7AB910AB2BC8408500745184 /* Preview Assets.xcassets in Resources */ = {isa = PBXBuildFile; fileRef = 7AB910AA2BC8408500745184 /* Preview Assets.xcassets */; };
		7AB910B62BC8408500745184 /* SmoothieTests.swift in Sources */ = {isa = PBXBuildFile; fileRef = 7AB910B52BC8408500745184 /* SmoothieTests.swift */; };
		7AB910C02BC8408500745184 /* SmoothieUITests.swift in Sources */ = {isa = PBXBuildFile; fileRef = 7AB910BF2BC8408500745184 /* SmoothieUITests.swift */; };
		7AB910C22BC8408500745184 /* SmoothieUITestsLaunchTests.swift in Sources */ = {isa = PBXBuildFile; fileRef = 7AB910C12BC8408500745184 /* SmoothieUITestsLaunchTests.swift */; };
/* End PBXBuildFile section */

/* Begin PBXContainerItemProxy section */
		7AB910B22BC8408500745184 /* PBXContainerItemProxy */ = {
			isa = PBXContainerItemProxy;
			containerPortal = 7AB910982BC8408200745184 /* Project object */;
			proxyType = 1;
			remoteGlobalIDString = 7AB9109F2BC8408200745184;
			remoteInfo = Smoothie;
		};
		7AB910BC2BC8408500745184 /* PBXContainerItemProxy */ = {
			isa = PBXContainerItemProxy;
			containerPortal = 7AB910982BC8408200745184 /* Project object */;
			proxyType = 1;
			remoteGlobalIDString = 7AB9109F2BC8408200745184;
			remoteInfo = Smoothie;
		};
/* End PBXContainerItemProxy section */

/* Begin PBXFileReference section */
		7AB910A02BC8408200745184 /* Smoothie.app */ = {isa = PBXFileReference; explicitFileType = wrapper.application; includeInIndex = 0; path = Smoothie.app; sourceTree = BUILT_PRODUCTS_DIR; };
		7AB910A32BC8408200745184 /* SmoothieApp.swift */ = {isa = PBXFileReference; lastKnownFileType = sourcecode.swift; path = SmoothieApp.swift; sourceTree = "<group>"; };
		7AB910A52BC8408200745184 /* ContentView.swift */ = {isa = PBXFileReference; lastKnownFileType = sourcecode.swift; path = ContentView.swift; sourceTree = "<group>"; };
		7AB910A72BC8408400745184 /* Assets.xcassets */ = {isa = PBXFileReference; lastKnownFileType = folder.assetcatalog; path = Assets.xcassets; sourceTree = "<group>"; };
		7AB910AA2BC8408500745184 /* Preview Assets.xcassets */ = {isa = PBXFileReference; lastKnownFileType = folder.assetcatalog; path = "Preview Assets.xcassets"; sourceTree = "<group>"; };
		7AB910AC2BC8408500745184 /* Smoothie.entitlements */ = {isa = PBXFileReference; lastKnownFileType = text.plist.entitlements; path = Smoothie.entitlements; sourceTree = "<group>"; };
		7AB910B12BC8408500745184 /* SmoothieTests.xctest */ = {isa = PBXFileReference; explicitFileType = wrapper.cfbundle; includeInIndex = 0; path = SmoothieTests.xctest; sourceTree = BUILT_PRODUCTS_DIR; };
		7AB910B52BC8408500745184 /* SmoothieTests.swift */ = {isa = PBXFileReference; lastKnownFileType = sourcecode.swift; path = SmoothieTests.swift; sourceTree = "<group>"; };
		7AB910BB2BC8408500745184 /* SmoothieUITests.xctest */ = {isa = PBXFileReference; explicitFileType = wrapper.cfbundle; includeInIndex = 0; path = SmoothieUITests.xctest; sourceTree = BUILT_PRODUCTS_DIR; };
		7AB910BF2BC8408500745184 /* SmoothieUITests.swift */ = {isa = PBXFileReference; lastKnownFileType = sourcecode.swift; path = SmoothieUITests.swift; sourceTree = "<group>"; };
		7AB910C12BC8408500745184 /* SmoothieUITestsLaunchTests.swift */ = {isa = PBXFileReference; lastKnownFileType = sourcecode.swift; path = SmoothieUITestsLaunchTests.swift; sourceTree = "<group>"; };
/* End PBXFileReference section */

/* Begin PBXFrameworksBuildPhase section */
		7AB9109D2BC8408200745184 /* Frameworks */ = {
			isa = PBXFrameworksBuildPhase;
			buildActionMask = 2147483647;
			files = (
			);
			runOnlyForDeploymentPostprocessing = 0;
		};
		7AB910AE2BC8408500745184 /* Frameworks */ = {
			isa = PBXFrameworksBuildPhase;
			buildActionMask = 2147483647;
			files = (
			);
			runOnlyForDeploymentPostprocessing = 0;
		};
		7AB910B82BC8408500745184 /* Frameworks */ = {
			isa = PBXFrameworksBuildPhase;
			buildActionMask = 2147483647;
			files = (
			);
			runOnlyForDeploymentPostprocessing = 0;
		};
/* End PBXFrameworksBuildPhase section */

/* Begin PBXGroup section */
		7AB910972BC8408200745184 = {
			isa = PBXGroup;
			children = (
				7AB910A22BC8408200745184 /* Smoothie */,
				7AB910B42BC8408500745184 /* SmoothieTests */,
				7AB910BE2BC8408500745184 /* SmoothieUITests */,
				7AB910A12BC8408200745184 /* Products */,
			);
			sourceTree = "<group>";
		};
		7AB910A12BC8408200745184 /* Products */ = {
			isa = PBXGroup;
			children = (
				7AB910A02BC8408200745184 /* Smoothie.app */,
				7AB910B12BC8408500745184 /* SmoothieTests.xctest */,
				7AB910BB2BC8408500745184 /* SmoothieUITests.xctest */,
			);
			name = Products;
			sourceTree = "<group>";
		};
		7AB910A22BC8408200745184 /* Smoothie */ = {
			isa = PBXGroup;
			children = (
				7AB910A32BC8408200745184 /* SmoothieApp.swift */,
				7AB910A52BC8408200745184 /* ContentView.swift */,
				7AB910A72BC8408400745184 /* Assets.xcassets */,
				7AB910AC2BC8408500745184 /* Smoothie.entitlements */,
				7AB910A92BC8408500745184 /* Preview Content */,
			);
			path = Smoothie;
			sourceTree = "<group>";
		};
		7AB910A92BC8408500745184 /* Preview Content */ = {
			isa = PBXGroup;
			children = (
				7AB910AA2BC8408500745184 /* Preview Assets.xcassets */,
			);
			path = "Preview Content";
			sourceTree = "<group>";
		};
		7AB910B42BC8408500745184 /* SmoothieTests */ = {
			isa = PBXGroup;
			children = (
				7AB910B52BC8408500745184 /* SmoothieTests.swift */,
			);
			path = SmoothieTests;
			sourceTree = "<group>";
		};
		7AB910BE2BC8408500745184 /* SmoothieUITests */ = {
			isa = PBXGroup;
			children = (
				7AB910BF2BC8408500745184 /* SmoothieUITests.swift */,
				7AB910C12BC8408500745184 /* SmoothieUITestsLaunchTests.swift */,
			);
			path = SmoothieUITests;
			sourceTree = "<group>";
		};
/* End PBXGroup section */

/* Begin PBXNativeTarget section */
		7AB9109F2BC8408200745184 /* Smoothie */ = {
			isa = PBXNativeTarget;
			buildConfigurationList = 7AB910C52BC8408500745184 /* Build configuration list for PBXNativeTarget "Smoothie" */;
			buildPhases = (
				7AB9109C2BC8408200745184 /* Sources */,
				7AB9109D2BC8408200745184 /* Frameworks */,
				7AB9109E2BC8408200745184 /* Resources */,
			);
			buildRules = (
			);
			dependencies = (
			);
			name = Smoothie;
			productName = Smoothie;
			productReference = 7AB910A02BC8408200745184 /* Smoothie.app */;
			productType = "com.apple.product-type.application";
		};
		7AB910B02BC8408500745184 /* SmoothieTests */ = {
			isa = PBXNativeTarget;
			buildConfigurationList = 7AB910C82BC8408500745184 /* Build configuration list for PBXNativeTarget "SmoothieTests" */;
			buildPhases = (
				7AB910AD2BC8408500745184 /* Sources */,
				7AB910AE2BC8408500745184 /* Frameworks */,
				7AB910AF2BC8408500745184 /* Resources */,
			);
			buildRules = (
			);
			dependencies = (
				7AB910B32BC8408500745184 /* PBXTargetDependency */,
			);
			name = SmoothieTests;
			productName = SmoothieTests;
			productReference = 7AB910B12BC8408500745184 /* SmoothieTests.xctest */;
			productType = "com.apple.product-type.bundle.unit-test";
		};
		7AB910BA2BC8408500745184 /* SmoothieUITests */ = {
			isa = PBXNativeTarget;
			buildConfigurationList = 7AB910CB2BC8408500745184 /* Build configuration list for PBXNativeTarget "SmoothieUITests" */;
			buildPhases = (
				7AB910B72BC8408500745184 /* Sources */,
				7AB910B82BC8408500745184 /* Frameworks */,
				7AB910B92BC8408500745184 /* Resources */,
			);
			buildRules = (
			);
			dependencies = (
				7AB910BD2BC8408500745184 /* PBXTargetDependency */,
			);
			name = SmoothieUITests;
			productName = SmoothieUITests;
			productReference = 7AB910BB2BC8408500745184 /* SmoothieUITests.xctest */;
			productType = "com.apple.product-type.bundle.ui-testing";
		};
/* End PBXNativeTarget section */

/* Begin PBXProject section */
		7AB910982BC8408200745184 /* Project object */ = {
			isa = PBXProject;
			attributes = {
				BuildIndependentTargetsInParallel = 1;
				LastSwiftUpdateCheck = 1530;
				LastUpgradeCheck = 1530;
				TargetAttributes = {
					7AB9109F2BC8408200745184 = {
						CreatedOnToolsVersion = 15.3;
					};
					7AB910B02BC8408500745184 = {
						CreatedOnToolsVersion = 15.3;
						TestTargetID = 7AB9109F2BC8408200745184;
					};
					7AB910BA2BC8408500745184 = {
						CreatedOnToolsVersion = 15.3;
						TestTargetID = 7AB9109F2BC8408200745184;
					};
				};
			};
			buildConfigurationList = 7AB9109B2BC8408200745184 /* Build configuration list for PBXProject "Smoothie" */;
			compatibilityVersion = "Xcode 14.0";
			developmentRegion = en;
			hasScannedForEncodings = 0;
			knownRegions = (
				en,
				Base,
			);
			mainGroup = 7AB910972BC8408200745184;
			productRefGroup = 7AB910A12BC8408200745184 /* Products */;
			projectDirPath = "";
			projectRoot = "";
			targets = (
				7AB9109F2BC8408200745184 /* Smoothie */,
				7AB910B02BC8408500745184 /* SmoothieTests */,
				7AB910BA2BC8408500745184 /* SmoothieUITests */,
			);
		};
/* End PBXProject section */

/* Begin PBXResourcesBuildPhase section */
		7AB9109E2BC8408200745184 /* Resources */ = {
			isa = PBXResourcesBuildPhase;
			buildActionMask = 2147483647;
			files = (
				7AB910AB2BC8408500745184 /* Preview Assets.xcassets in Resources */,
				7AB910A82BC8408400745184 /* Assets.xcassets in Resources */,
			);
			runOnlyForDeploymentPostprocessing = 0;
		};
		7AB910AF2BC8408500745184 /* Resources */ = {
			isa = PBXResourcesBuildPhase;
			buildActionMask = 2147483647;
			files = (
			);
			runOnlyForDeploymentPostprocessing = 0;
		};
		7AB910B92BC8408500745184 /* Resources */ = {
			isa = PBXResourcesBuildPhase;
			buildActionMask = 2147483647;
			files = (
			);
			runOnlyForDeploymentPostprocessing = 0;
		};
/* End PBXResourcesBuildPhase section */

/* Begin PBXSourcesBuildPhase section */
		7AB9109C2BC8408200745184 /* Sources */ = {
			isa = PBXSourcesBuildPhase;
			buildActionMask = 2147483647;
			files = (
				7AB910A62BC8408200745184 /* ContentView.swift in Sources */,
				7AB910A42BC8408200745184 /* SmoothieApp.swift in Sources */,
			);
			runOnlyForDeploymentPostprocessing = 0;
		};
		7AB910AD2BC8408500745184 /* Sources */ = {
			isa = PBXSourcesBuildPhase;
			buildActionMask = 2147483647;
			files = (
				7AB910B62BC8408500745184 /* SmoothieTests.swift in Sources */,
			);
			runOnlyForDeploymentPostprocessing = 0;
		};
		7AB910B72BC8408500745184 /* Sources */ = {
			isa = PBXSourcesBuildPhase;
			buildActionMask = 2147483647;
			files = (
				7AB910C22BC8408500745184 /* SmoothieUITestsLaunchTests.swift in Sources */,
				7AB910C02BC8408500745184 /* SmoothieUITests.swift in Sources */,
			);
			runOnlyForDeploymentPostprocessing = 0;
		};
/* End PBXSourcesBuildPhase section */

/* Begin PBXTargetDependency section */
		7AB910B32BC8408500745184 /* PBXTargetDependency */ = {
			isa = PBXTargetDependency;
			target = 7AB9109F2BC8408200745184 /* Smoothie */;
			targetProxy = 7AB910B22BC8408500745184 /* PBXContainerItemProxy */;
		};
		7AB910BD2BC8408500745184 /* PBXTargetDependency */ = {
			isa = PBXTargetDependency;
			target = 7AB9109F2BC8408200745184 /* Smoothie */;
			targetProxy = 7AB910BC2BC8408500745184 /* PBXContainerItemProxy */;
		};
/* End PBXTargetDependency section */

/* Begin XCBuildConfiguration section */
		7AB910C32BC8408500745184 /* Debug */ = {
			isa = XCBuildConfiguration;
			buildSettings = {
				ALWAYS_SEARCH_USER_PATHS = NO;
				ASSETCATALOG_COMPILER_GENERATE_SWIFT_ASSET_SYMBOL_EXTENSIONS = YES;
				CLANG_ANALYZER_NONNULL = YES;
				CLANG_ANALYZER_NUMBER_OBJECT_CONVERSION = YES_AGGRESSIVE;
				CLANG_CXX_LANGUAGE_STANDARD = "gnu++20";
				CLANG_ENABLE_MODULES = YES;
				CLANG_ENABLE_OBJC_ARC = YES;
				CLANG_ENABLE_OBJC_WEAK = YES;
				CLANG_WARN_BLOCK_CAPTURE_AUTORELEASING = YES;
				CLANG_WARN_BOOL_CONVERSION = YES;
				CLANG_WARN_COMMA = YES;
				CLANG_WARN_CONSTANT_CONVERSION = YES;
				CLANG_WARN_DEPRECATED_OBJC_IMPLEMENTATIONS = YES;
				CLANG_WARN_DIRECT_OBJC_ISA_USAGE = YES_ERROR;
				CLANG_WARN_DOCUMENTATION_COMMENTS = YES;
				CLANG_WARN_EMPTY_BODY = YES;
				CLANG_WARN_ENUM_CONVERSION = YES;
				CLANG_WARN_INFINITE_RECURSION = YES;
				CLANG_WARN_INT_CONVERSION = YES;
				CLANG_WARN_NON_LITERAL_NULL_CONVERSION = YES;
				CLANG_WARN_OBJC_IMPLICIT_RETAIN_SELF = YES;
				CLANG_WARN_OBJC_LITERAL_CONVERSION = YES;
				CLANG_WARN_OBJC_ROOT_CLASS = YES_ERROR;
				CLANG_WARN_QUOTED_INCLUDE_IN_FRAMEWORK_HEADER = YES;
				CLANG_WARN_RANGE_LOOP_ANALYSIS = YES;
				CLANG_WARN_STRICT_PROTOTYPES = YES;
				CLANG_WARN_SUSPICIOUS_MOVE = YES;
				CLANG_WARN_UNGUARDED_AVAILABILITY = YES_AGGRESSIVE;
				CLANG_WARN_UNREACHABLE_CODE = YES;
				CLANG_WARN__DUPLICATE_METHOD_MATCH = YES;
				COPY_PHASE_STRIP = NO;
				DEBUG_INFORMATION_FORMAT = dwarf;
				ENABLE_STRICT_OBJC_MSGSEND = YES;
				ENABLE_TESTABILITY = YES;
				ENABLE_USER_SCRIPT_SANDBOXING = YES;
				GCC_C_LANGUAGE_STANDARD = gnu17;
				GCC_DYNAMIC_NO_PIC = NO;
				GCC_NO_COMMON_BLOCKS = YES;
				GCC_OPTIMIZATION_LEVEL = 0;
				GCC_PREPROCESSOR_DEFINITIONS = (
					"DEBUG=1",
					"$(inherited)",
				);
				GCC_WARN_64_TO_32_BIT_CONVERSION = YES;
				GCC_WARN_ABOUT_RETURN_TYPE = YES_ERROR;
				GCC_WARN_UNDECLARED_SELECTOR = YES;
				GCC_WARN_UNINITIALIZED_AUTOS = YES_AGGRESSIVE;
				GCC_WARN_UNUSED_FUNCTION = YES;
				GCC_WARN_UNUSED_VARIABLE = YES;
				LOCALIZATION_PREFERS_STRING_CATALOGS = YES;
				MACOSX_DEPLOYMENT_TARGET = 14.4;
				MTL_ENABLE_DEBUG_INFO = INCLUDE_SOURCE;
				MTL_FAST_MATH = YES;
				ONLY_ACTIVE_ARCH = YES;
				SDKROOT = macosx;
				SWIFT_ACTIVE_COMPILATION_CONDITIONS = "DEBUG $(inherited)";
				SWIFT_OPTIMIZATION_LEVEL = "-Onone";
			};
			name = Debug;
		};
		7AB910C42BC8408500745184 /* Release */ = {
			isa = XCBuildConfiguration;
			buildSettings = {
				ALWAYS_SEARCH_USER_PATHS = NO;
				ASSETCATALOG_COMPILER_GENERATE_SWIFT_ASSET_SYMBOL_EXTENSIONS = YES;
				CLANG_ANALYZER_NONNULL = YES;
				CLANG_ANALYZER_NUMBER_OBJECT_CONVERSION = YES_AGGRESSIVE;
				CLANG_CXX_LANGUAGE_STANDARD = "gnu++20";
				CLANG_ENABLE_MODULES = YES;
				CLANG_ENABLE_OBJC_ARC = YES;
				CLANG_ENABLE_OBJC_WEAK = YES;
				CLANG_WARN_BLOCK_CAPTURE_AUTORELEASING = YES;
				CLANG_WARN_BOOL_CONVERSION = YES;
				CLANG_WARN_COMMA = YES;
				CLANG_WARN_CONSTANT_CONVERSION = YES;
				CLANG_WARN_DEPRECATED_OBJC_IMPLEMENTATIONS = YES;
				CLANG_WARN_DIRECT_OBJC_ISA_USAGE = YES_ERROR;
				CLANG_WARN_DOCUMENTATION_COMMENTS = YES;
				CLANG_WARN_EMPTY_BODY = YES;
				CLANG_WARN_ENUM_CONVERSION = YES;
				CLANG_WARN_INFINITE_RECURSION = YES;
				CLANG_WARN_INT_CONVERSION = YES;
				CLANG_WARN_NON_LITERAL_NULL_CONVERSION = YES;
				CLANG_WARN_OBJC_IMPLICIT_RETAIN_SELF = YES;
				CLANG_WARN_OBJC_LITERAL_CONVERSION = YES;
				CLANG_WARN_OBJC_ROOT_CLASS = YES_ERROR;
				CLANG_WARN_QUOTED_INCLUDE_IN_FRAMEWORK_HEADER = YES;
				CLANG_WARN_RANGE_LOOP_ANALYSIS = YES;
				CLANG_WARN_STRICT_PROTOTYPES = YES;
				CLANG_WARN_SUSPICIOUS_MOVE = YES;
				CLANG_WARN_UNGUARDED_AVAILABILITY = YES_AGGRESSIVE;
				CLANG_WARN_UNREACHABLE_CODE = YES;
				CLANG_WARN__DUPLICATE_METHOD_MATCH = YES;
				COPY_PHASE_STRIP = NO;
				DEBUG_INFORMATION_FORMAT = "dwarf-with-dsym";
				ENABLE_NS_ASSERTIONS = NO;
				ENABLE_STRICT_OBJC_MSGSEND = YES;
				ENABLE_USER_SCRIPT_SANDBOXING = YES;
				GCC_C_LANGUAGE_STANDARD = gnu17;
				GCC_NO_COMMON_BLOCKS = YES;
				GCC_WARN_64_TO_32_BIT_CONVERSION = YES;
				GCC_WARN_ABOUT_RETURN_TYPE = YES_ERROR;
				GCC_WARN_UNDECLARED_SELECTOR = YES;
				GCC_WARN_UNINITIALIZED_AUTOS = YES_AGGRESSIVE;
				GCC_WARN_UNUSED_FUNCTION = YES;
				GCC_WARN_UNUSED_VARIABLE = YES;
				LOCALIZATION_PREFERS_STRING_CATALOGS = YES;
				MACOSX_DEPLOYMENT_TARGET = 14.4;
				MTL_ENABLE_DEBUG_INFO = NO;
				MTL_FAST_MATH = YES;
				SDKROOT = macosx;
				SWIFT_COMPILATION_MODE = wholemodule;
			};
			name = Release;
		};
		7AB910C62BC8408500745184 /* Debug */ = {
			isa = XCBuildConfiguration;
			buildSettings = {
				ASSETCATALOG_COMPILER_APPICON_NAME = AppIcon;
				ASSETCATALOG_COMPILER_GLOBAL_ACCENT_COLOR_NAME = AccentColor;
				CODE_SIGN_ENTITLEMENTS = Smoothie/Smoothie.entitlements;
				CODE_SIGN_STYLE = Automatic;
				COMBINE_HIDPI_IMAGES = YES;
				CURRENT_PROJECT_VERSION = 1;
				DEVELOPMENT_ASSET_PATHS = "\"Smoothie/Preview Content\"";
				DEVELOPMENT_TEAM = 25XTQA4Y6S;
				ENABLE_HARDENED_RUNTIME = YES;
				ENABLE_PREVIEWS = YES;
				GENERATE_INFOPLIST_FILE = YES;
				INFOPLIST_KEY_NSHumanReadableCopyright = "";
				LD_RUNPATH_SEARCH_PATHS = (
					"$(inherited)",
					"@executable_path/../Frameworks",
				);
				MARKETING_VERSION = 1.0;
				PRODUCT_BUNDLE_IDENTIFIER = com.formalsnake.Smoothie;
				PRODUCT_NAME = "$(TARGET_NAME)";
				SWIFT_EMIT_LOC_STRINGS = YES;
				SWIFT_VERSION = 5.0;
			};
			name = Debug;
		};
		7AB910C72BC8408500745184 /* Release */ = {
			isa = XCBuildConfiguration;
			buildSettings = {
				ASSETCATALOG_COMPILER_APPICON_NAME = AppIcon;
				ASSETCATALOG_COMPILER_GLOBAL_ACCENT_COLOR_NAME = AccentColor;
				CODE_SIGN_ENTITLEMENTS = Smoothie/Smoothie.entitlements;
				CODE_SIGN_STYLE = Automatic;
				COMBINE_HIDPI_IMAGES = YES;
				CURRENT_PROJECT_VERSION = 1;
				DEVELOPMENT_ASSET_PATHS = "\"Smoothie/Preview Content\"";
				DEVELOPMENT_TEAM = 25XTQA4Y6S;
				ENABLE_HARDENED_RUNTIME = YES;
				ENABLE_PREVIEWS = YES;
				GENERATE_INFOPLIST_FILE = YES;
				INFOPLIST_KEY_NSHumanReadableCopyright = "";
				LD_RUNPATH_SEARCH_PATHS = (
					"$(inherited)",
					"@executable_path/../Frameworks",
				);
				MARKETING_VERSION = 1.0;
				PRODUCT_BUNDLE_IDENTIFIER = com.formalsnake.Smoothie;
				PRODUCT_NAME = "$(TARGET_NAME)";
				SWIFT_EMIT_LOC_STRINGS = YES;
				SWIFT_VERSION = 5.0;
			};
			name = Release;
		};
		7AB910C92BC8408500745184 /* Debug */ = {
			isa = XCBuildConfiguration;
			buildSettings = {
				ALWAYS_EMBED_SWIFT_STANDARD_LIBRARIES = YES;
				BUNDLE_LOADER = "$(TEST_HOST)";
				CODE_SIGN_STYLE = Automatic;
				CURRENT_PROJECT_VERSION = 1;
				DEVELOPMENT_TEAM = 25XTQA4Y6S;
				GENERATE_INFOPLIST_FILE = YES;
				MACOSX_DEPLOYMENT_TARGET = 14.4;
				MARKETING_VERSION = 1.0;
				PRODUCT_BUNDLE_IDENTIFIER = com.formalsnake.SmoothieTests;
				PRODUCT_NAME = "$(TARGET_NAME)";
				SWIFT_EMIT_LOC_STRINGS = NO;
				SWIFT_VERSION = 5.0;
				TEST_HOST = "$(BUILT_PRODUCTS_DIR)/Smoothie.app/$(BUNDLE_EXECUTABLE_FOLDER_PATH)/Smoothie";
			};
			name = Debug;
		};
		7AB910CA2BC8408500745184 /* Release */ = {
			isa = XCBuildConfiguration;
			buildSettings = {
				ALWAYS_EMBED_SWIFT_STANDARD_LIBRARIES = YES;
				BUNDLE_LOADER = "$(TEST_HOST)";
				CODE_SIGN_STYLE = Automatic;
				CURRENT_PROJECT_VERSION = 1;
				DEVELOPMENT_TEAM = 25XTQA4Y6S;
				GENERATE_INFOPLIST_FILE = YES;
				MACOSX_DEPLOYMENT_TARGET = 14.4;
				MARKETING_VERSION = 1.0;
				PRODUCT_BUNDLE_IDENTIFIER = com.formalsnake.SmoothieTests;
				PRODUCT_NAME = "$(TARGET_NAME)";
				SWIFT_EMIT_LOC_STRINGS = NO;
				SWIFT_VERSION = 5.0;
				TEST_HOST = "$(BUILT_PRODUCTS_DIR)/Smoothie.app/$(BUNDLE_EXECUTABLE_FOLDER_PATH)/Smoothie";
			};
			name = Release;
		};
		7AB910CC2BC8408500745184 /* Debug */ = {
			isa = XCBuildConfiguration;
			buildSettings = {
				ALWAYS_EMBED_SWIFT_STANDARD_LIBRARIES = YES;
				CODE_SIGN_STYLE = Automatic;
				CURRENT_PROJECT_VERSION = 1;
				DEVELOPMENT_TEAM = 25XTQA4Y6S;
				GENERATE_INFOPLIST_FILE = YES;
				MARKETING_VERSION = 1.0;
				PRODUCT_BUNDLE_IDENTIFIER = com.formalsnake.SmoothieUITests;
				PRODUCT_NAME = "$(TARGET_NAME)";
				SWIFT_EMIT_LOC_STRINGS = NO;
				SWIFT_VERSION = 5.0;
				TEST_TARGET_NAME = Smoothie;
			};
			name = Debug;
		};
		7AB910CD2BC8408500745184 /* Release */ = {
			isa = XCBuildConfiguration;
			buildSettings = {
				ALWAYS_EMBED_SWIFT_STANDARD_LIBRARIES = YES;
				CODE_SIGN_STYLE = Automatic;
				CURRENT_PROJECT_VERSION = 1;
				DEVELOPMENT_TEAM = 25XTQA4Y6S;
				GENERATE_INFOPLIST_FILE = YES;
				MARKETING_VERSION = 1.0;
				PRODUCT_BUNDLE_IDENTIFIER = com.formalsnake.SmoothieUITests;
				PRODUCT_NAME = "$(TARGET_NAME)";
				SWIFT_EMIT_LOC_STRINGS = NO;
				SWIFT_VERSION = 5.0;
				TEST_TARGET_NAME = Smoothie;
			};
			name = Release;
		};
/* End XCBuildConfiguration section */

/* Begin XCConfigurationList section */
		7AB9109B2BC8408200745184 /* Build configuration list for PBXProject "Smoothie" */ = {
			isa = XCConfigurationList;
			buildConfigurations = (
				7AB910C32BC8408500745184 /* Debug */,
				7AB910C42BC8408500745184 /* Release */,
			);
			defaultConfigurationIsVisible = 0;
			defaultConfigurationName = Release;
		};
		7AB910C52BC8408500745184 /* Build configuration list for PBXNativeTarget "Smoothie" */ = {
			isa = XCConfigurationList;
			buildConfigurations = (
				7AB910C62BC8408500745184 /* Debug */,
				7AB910C72BC8408500745184 /* Release */,
			);
			defaultConfigurationIsVisible = 0;
			defaultConfigurationName = Release;
		};
		7AB910C82BC8408500745184 /* Build configuration list for PBXNativeTarget "SmoothieTests" */ = {
			isa = XCConfigurationList;
			buildConfigurations = (
				7AB910C92BC8408500745184 /* Debug */,
				7AB910CA2BC8408500745184 /* Release */,
			);
			defaultConfigurationIsVisible = 0;
			defaultConfigurationName = Release;
		};
		7AB910CB2BC8408500745184 /* Build configuration list for PBXNativeTarget "SmoothieUITests" */ = {
			isa = XCConfigurationList;
			buildConfigurations = (
				7AB910CC2BC8408500745184 /* Debug */,
				7AB910CD2BC8408500745184 /* Release */,
			);
			defaultConfigurationIsVisible = 0;
			defaultConfigurationName = Release;
		};
/* End XCConfigurationList section */
	};
	rootObject = 7AB910982BC8408200745184 /* Project object */;
}
